{
  "requires": true,
  "lockfileVersion": 1,
  "dependencies": {
    "stemmer": {
      "version": "1.0.4",
      "resolved": "https://registry.npmjs.org/stemmer/-/stemmer-1.0.4.tgz",
      "integrity": "sha512-3EOHP7r8MAmnAbl7u0VuAe0DFmaJNmbLq1OpxETvN6cmWOO5i++wVH11OkKme8B4XA78j3e/TJC/6/FDp35oLg=="
    }
  }
}
